
Microsoft Visual Studio Solution File, Format Version 12.00
# Visual Studio Version 17
VisualStudioVersion = 17.8.34330.188
MinimumVisualStudioVersion = 10.0.40219.1
Project("{2150E333-8FDC-42A3-9474-1A3956D46DE8}") = "UI", "UI", "{8AAF8DC0-E187-483D-ABCD-78FB73B9C948}"
EndProject
Project("{2150E333-8FDC-42A3-9474-1A3956D46DE8}") = "Services", "Services", "{A43A111B-E2CA-4819-9635-4F3B7FB0B231}"
EndProject
Project("{2150E333-8FDC-42A3-9474-1A3956D46DE8}") = "tests", "tests", "{24262EC3-7346-47EC-B761-22E1C3D8A0E2}"
EndProject
Project("{2150E333-8FDC-42A3-9474-1A3956D46DE8}") = "WebApi", "WebApi", "{D32A341B-C544-4DCA-B681-1FE2B1D598A3}"
EndProject
Project("{9A19103F-16F7-4668-BE54-9A1E7A4F7556}") = "Api", "src\WebApi\Api\Api.csproj", "{F7B45C30-1E83-4EB1-8A00-3F8BE117A689}"
EndProject
Project("{9A19103F-16F7-4668-BE54-9A1E7A4F7556}") = "Application", "src\WebApi\Application\Application.csproj", "{60670347-2CA0-4F58-AEC7-98FB2CC049EB}"
EndProject
Project("{9A19103F-16F7-4668-BE54-9A1E7A4F7556}") = "Domain", "src\WebApi\Domain\Domain.csproj", "{C5082039-7187-4F72-9A6D-54C92EDE4D87}"
EndProject
Project("{9A19103F-16F7-4668-BE54-9A1E7A4F7556}") = "Infrastructure", "src\WebApi\Infrastructure\Infrastructure.csproj", "{62F20844-7360-4AC4-9EAF-14F190CE64CC}"
EndProject
Project("{54A90642-561A-4BB1-A94E-469ADEE60C69}") = "papirusweb", "src\UI\PapirusWeb\papirusweb.esproj", "{DE9503BA-814D-45BA-A726-5DAB1D23AC84}"
EndProject
Project("{2150E333-8FDC-42A3-9474-1A3956D46DE8}") = "Common", "Common", "{79E30D8E-ACC2-40AC-85E3-88156ACEBFAC}"
EndProject
Project("{2150E333-8FDC-42A3-9474-1A3956D46DE8}") = "WebApi", "WebApi", "{8D2D7BB9-E53A-4526-9337-CC7081D933E8}"
EndProject
Project("{2150E333-8FDC-42A3-9474-1A3956D46DE8}") = "Services", "Services", "{65EF65EC-E29B-4F90-8DA2-903EA0FD4557}"
EndProject
Project("{2150E333-8FDC-42A3-9474-1A3956D46DE8}") = "Solutions Items", "Solutions Items", "{86B667B6-8738-496A-A6E0-03496F67211B}"
	ProjectSection(SolutionItems) = preProject
		.dockerignore = .dockerignore
		.editorconfig = .editorconfig
		.gitignore = .gitignore
		Directory.Build.props = Directory.Build.props
		README.md = README.md
	EndProjectSection
EndProject
Project("{2150E333-8FDC-42A3-9474-1A3956D46DE8}") = "src", "src", "{11D8BA4B-24C6-419C-ABB4-487166A835E5}"
EndProject
Project("{9A19103F-16F7-4668-BE54-9A1E7A4F7556}") = "Api.UnitTests", "tests\WebApi\Api.UnitTests\Api.UnitTests.csproj", "{357975DC-15ED-4446-98CC-92B72D8FC48E}"
EndProject
Project("{9A19103F-16F7-4668-BE54-9A1E7A4F7556}") = "Application.UnitTests", "tests\WebApi\Application.UnitTests\Application.UnitTests.csproj", "{5652A6DD-8272-4B85-AD40-A4B772E832F2}"
EndProject
Project("{9A19103F-16F7-4668-BE54-9A1E7A4F7556}") = "Domain.UnitTests", "tests\WebApi\Domain.UnitTests\Domain.UnitTests.csproj", "{D4CC2465-F75D-4D11-BE6F-3182F88AEDB6}"
EndProject
Project("{9A19103F-16F7-4668-BE54-9A1E7A4F7556}") = "Infrastructure.UnitTests", "tests\WebApi\Infrastructure.UnitTests\Infrastructure.UnitTests.csproj", "{CD32B803-2E54-466B-BCB1-43A863F36C1C}"
EndProject
Project("{9A19103F-16F7-4668-BE54-9A1E7A4F7556}") = "Common", "tests\Common\Common.csproj", "{D570B4DD-1FCB-4AED-8B91-FB8F970A14A5}"
EndProject
Project("{FAE04EC0-301F-11D3-BF4B-00C04F79EFBC}") = "Email", "src\Services\Email\Email.csproj", "{787D5734-6D66-4D2A-ABCD-6AF5FF70C57E}"
EndProject
Global
	GlobalSection(SolutionConfigurationPlatforms) = preSolution
		Debug|Any CPU = Debug|Any CPU
		Release|Any CPU = Release|Any CPU
	EndGlobalSection
	GlobalSection(ProjectConfigurationPlatforms) = postSolution
		{F7B45C30-1E83-4EB1-8A00-3F8BE117A689}.Debug|Any CPU.ActiveCfg = Debug|Any CPU
		{F7B45C30-1E83-4EB1-8A00-3F8BE117A689}.Debug|Any CPU.Build.0 = Debug|Any CPU
		{F7B45C30-1E83-4EB1-8A00-3F8BE117A689}.Release|Any CPU.ActiveCfg = Release|Any CPU
		{F7B45C30-1E83-4EB1-8A00-3F8BE117A689}.Release|Any CPU.Build.0 = Release|Any CPU
		{60670347-2CA0-4F58-AEC7-98FB2CC049EB}.Debug|Any CPU.ActiveCfg = Debug|Any CPU
		{60670347-2CA0-4F58-AEC7-98FB2CC049EB}.Debug|Any CPU.Build.0 = Debug|Any CPU
		{60670347-2CA0-4F58-AEC7-98FB2CC049EB}.Release|Any CPU.ActiveCfg = Release|Any CPU
		{60670347-2CA0-4F58-AEC7-98FB2CC049EB}.Release|Any CPU.Build.0 = Release|Any CPU
		{C5082039-7187-4F72-9A6D-54C92EDE4D87}.Debug|Any CPU.ActiveCfg = Debug|Any CPU
		{C5082039-7187-4F72-9A6D-54C92EDE4D87}.Debug|Any CPU.Build.0 = Debug|Any CPU
		{C5082039-7187-4F72-9A6D-54C92EDE4D87}.Release|Any CPU.ActiveCfg = Release|Any CPU
		{C5082039-7187-4F72-9A6D-54C92EDE4D87}.Release|Any CPU.Build.0 = Release|Any CPU
		{62F20844-7360-4AC4-9EAF-14F190CE64CC}.Debug|Any CPU.ActiveCfg = Debug|Any CPU
		{62F20844-7360-4AC4-9EAF-14F190CE64CC}.Debug|Any CPU.Build.0 = Debug|Any CPU
		{62F20844-7360-4AC4-9EAF-14F190CE64CC}.Release|Any CPU.ActiveCfg = Release|Any CPU
		{62F20844-7360-4AC4-9EAF-14F190CE64CC}.Release|Any CPU.Build.0 = Release|Any CPU
		{DE9503BA-814D-45BA-A726-5DAB1D23AC84}.Debug|Any CPU.ActiveCfg = Debug|Any CPU
		{DE9503BA-814D-45BA-A726-5DAB1D23AC84}.Debug|Any CPU.Build.0 = Debug|Any CPU
		{DE9503BA-814D-45BA-A726-5DAB1D23AC84}.Debug|Any CPU.Deploy.0 = Debug|Any CPU
		{DE9503BA-814D-45BA-A726-5DAB1D23AC84}.Release|Any CPU.ActiveCfg = Release|Any CPU
		{DE9503BA-814D-45BA-A726-5DAB1D23AC84}.Release|Any CPU.Build.0 = Release|Any CPU
		{DE9503BA-814D-45BA-A726-5DAB1D23AC84}.Release|Any CPU.Deploy.0 = Release|Any CPU
		{357975DC-15ED-4446-98CC-92B72D8FC48E}.Debug|Any CPU.ActiveCfg = Debug|Any CPU
		{357975DC-15ED-4446-98CC-92B72D8FC48E}.Debug|Any CPU.Build.0 = Debug|Any CPU
		{357975DC-15ED-4446-98CC-92B72D8FC48E}.Release|Any CPU.ActiveCfg = Release|Any CPU
		{357975DC-15ED-4446-98CC-92B72D8FC48E}.Release|Any CPU.Build.0 = Release|Any CPU
		{5652A6DD-8272-4B85-AD40-A4B772E832F2}.Debug|Any CPU.ActiveCfg = Debug|Any CPU
		{5652A6DD-8272-4B85-AD40-A4B772E832F2}.Debug|Any CPU.Build.0 = Debug|Any CPU
		{5652A6DD-8272-4B85-AD40-A4B772E832F2}.Release|Any CPU.ActiveCfg = Release|Any CPU
		{5652A6DD-8272-4B85-AD40-A4B772E832F2}.Release|Any CPU.Build.0 = Release|Any CPU
		{D4CC2465-F75D-4D11-BE6F-3182F88AEDB6}.Debug|Any CPU.ActiveCfg = Debug|Any CPU
		{D4CC2465-F75D-4D11-BE6F-3182F88AEDB6}.Debug|Any CPU.Build.0 = Debug|Any CPU
		{D4CC2465-F75D-4D11-BE6F-3182F88AEDB6}.Release|Any CPU.ActiveCfg = Release|Any CPU
		{D4CC2465-F75D-4D11-BE6F-3182F88AEDB6}.Release|Any CPU.Build.0 = Release|Any CPU
		{CD32B803-2E54-466B-BCB1-43A863F36C1C}.Debug|Any CPU.ActiveCfg = Debug|Any CPU
		{CD32B803-2E54-466B-BCB1-43A863F36C1C}.Debug|Any CPU.Build.0 = Debug|Any CPU
		{CD32B803-2E54-466B-BCB1-43A863F36C1C}.Release|Any CPU.ActiveCfg = Release|Any CPU
		{CD32B803-2E54-466B-BCB1-43A863F36C1C}.Release|Any CPU.Build.0 = Release|Any CPU
		{D570B4DD-1FCB-4AED-8B91-FB8F970A14A5}.Debug|Any CPU.ActiveCfg = Debug|Any CPU
		{D570B4DD-1FCB-4AED-8B91-FB8F970A14A5}.Debug|Any CPU.Build.0 = Debug|Any CPU
		{D570B4DD-1FCB-4AED-8B91-FB8F970A14A5}.Release|Any CPU.ActiveCfg = Release|Any CPU
		{D570B4DD-1FCB-4AED-8B91-FB8F970A14A5}.Release|Any CPU.Build.0 = Release|Any CPU
		{787D5734-6D66-4D2A-ABCD-6AF5FF70C57E}.Debug|Any CPU.ActiveCfg = Debug|Any CPU
		{787D5734-6D66-4D2A-ABCD-6AF5FF70C57E}.Debug|Any CPU.Build.0 = Debug|Any CPU
		{787D5734-6D66-4D2A-ABCD-6AF5FF70C57E}.Release|Any CPU.ActiveCfg = Release|Any CPU
		{787D5734-6D66-4D2A-ABCD-6AF5FF70C57E}.Release|Any CPU.Build.0 = Release|Any CPU
	EndGlobalSection
	GlobalSection(SolutionProperties) = preSolution
		HideSolutionNode = FALSE
	EndGlobalSection
	GlobalSection(NestedProjects) = preSolution
		{8AAF8DC0-E187-483D-ABCD-78FB73B9C948} = {11D8BA4B-24C6-419C-ABB4-487166A835E5}
		{A43A111B-E2CA-4819-9635-4F3B7FB0B231} = {11D8BA4B-24C6-419C-ABB4-487166A835E5}
		{D32A341B-C544-4DCA-B681-1FE2B1D598A3} = {11D8BA4B-24C6-419C-ABB4-487166A835E5}
		{F7B45C30-1E83-4EB1-8A00-3F8BE117A689} = {D32A341B-C544-4DCA-B681-1FE2B1D598A3}
		{60670347-2CA0-4F58-AEC7-98FB2CC049EB} = {D32A341B-C544-4DCA-B681-1FE2B1D598A3}
		{C5082039-7187-4F72-9A6D-54C92EDE4D87} = {D32A341B-C544-4DCA-B681-1FE2B1D598A3}
		{62F20844-7360-4AC4-9EAF-14F190CE64CC} = {D32A341B-C544-4DCA-B681-1FE2B1D598A3}
		{DE9503BA-814D-45BA-A726-5DAB1D23AC84} = {8AAF8DC0-E187-483D-ABCD-78FB73B9C948}
		{79E30D8E-ACC2-40AC-85E3-88156ACEBFAC} = {24262EC3-7346-47EC-B761-22E1C3D8A0E2}
		{8D2D7BB9-E53A-4526-9337-CC7081D933E8} = {24262EC3-7346-47EC-B761-22E1C3D8A0E2}
		{65EF65EC-E29B-4F90-8DA2-903EA0FD4557} = {24262EC3-7346-47EC-B761-22E1C3D8A0E2}
		{357975DC-15ED-4446-98CC-92B72D8FC48E} = {8D2D7BB9-E53A-4526-9337-CC7081D933E8}
		{5652A6DD-8272-4B85-AD40-A4B772E832F2} = {8D2D7BB9-E53A-4526-9337-CC7081D933E8}
		{D4CC2465-F75D-4D11-BE6F-3182F88AEDB6} = {8D2D7BB9-E53A-4526-9337-CC7081D933E8}
		{CD32B803-2E54-466B-BCB1-43A863F36C1C} = {8D2D7BB9-E53A-4526-9337-CC7081D933E8}
		{D570B4DD-1FCB-4AED-8B91-FB8F970A14A5} = {79E30D8E-ACC2-40AC-85E3-88156ACEBFAC}
		{787D5734-6D66-4D2A-ABCD-6AF5FF70C57E} = {A43A111B-E2CA-4819-9635-4F3B7FB0B231}
	EndGlobalSection
	GlobalSection(ExtensibilityGlobals) = postSolution
		SolutionGuid = {5B1D6C5E-6615-4402-822E-38A67B2D5128}
	EndGlobalSection
EndGlobal
